
Microsoft Visual Studio Solution File, Format Version 12.00
# Visual Studio Version 17
VisualStudioVersion = 17.4.33403.182
MinimumVisualStudioVersion = 10.0.40219.1
Project("{FAE04EC0-301F-11D3-BF4B-00C04F79EFBC}") = "JsonDataParser", "JsonDataParser\JsonDataParser.csproj", "{9338A7F6-2768-4C10-AE3C-CA418582AFEF}"
EndProject
Global
	GlobalSection(SolutionConfigurationPlatforms) = preSolution
		Debug|Any CPU = Debug|Any CPU
		Release|Any CPU = Release|Any CPU
	EndGlobalSection
	GlobalSection(ProjectConfigurationPlatforms) = postSolution
		{9338A7F6-2768-4C10-AE3C-CA418582AFEF}.Debug|Any CPU.ActiveCfg = Debug|Any CPU
		{9338A7F6-2768-4C10-AE3C-CA418582AFEF}.Debug|Any CPU.Build.0 = Debug|Any CPU
		{9338A7F6-2768-4C10-AE3C-CA418582AFEF}.Release|Any CPU.ActiveCfg = Release|Any CPU
		{9338A7F6-2768-4C10-AE3C-CA418582AFEF}.Release|Any CPU.Build.0 = Release|Any CPU
	EndGlobalSection
	GlobalSection(SolutionProperties) = preSolution
		HideSolutionNode = FALSE
	EndGlobalSection
	GlobalSection(ExtensibilityGlobals) = postSolution
		SolutionGuid = {4C676C7E-D259-4DE3-AFA7-D1A76ADFF40F}
	EndGlobalSection
EndGlobal
